
Microsoft Visual Studio Solution File, Format Version 12.00
# Visual Studio Version 17
VisualStudioVersion = 17.14.36915.13 d17.14
MinimumVisualStudioVersion = 10.0.40219.1
Project("{FAE04EC0-301F-11D3-BF4B-00C04F79EFBC}") = "DS2_Project_3", "DS2_Project_3\DS2_Project_3.csproj", "{056ED742-41D5-44A1-9974-AF1BB3746506}"
EndProject
Global
	GlobalSection(SolutionConfigurationPlatforms) = preSolution
		Debug|Any CPU = Debug|Any CPU
		Release|Any CPU = Release|Any CPU
	EndGlobalSection
	GlobalSection(ProjectConfigurationPlatforms) = postSolution
		{056ED742-41D5-44A1-9974-AF1BB3746506}.Debug|Any CPU.ActiveCfg = Debug|Any CPU
		{056ED742-41D5-44A1-9974-AF1BB3746506}.Debug|Any CPU.Build.0 = Debug|Any CPU
		{056ED742-41D5-44A1-9974-AF1BB3746506}.Release|Any CPU.ActiveCfg = Release|Any CPU
		{056ED742-41D5-44A1-9974-AF1BB3746506}.Release|Any CPU.Build.0 = Release|Any CPU
	EndGlobalSection
	GlobalSection(SolutionProperties) = preSolution
		HideSolutionNode = FALSE
	EndGlobalSection
	GlobalSection(ExtensibilityGlobals) = postSolution
		SolutionGuid = {F2649DA8-1FFF-41CE-A63E-B284120B4468}
	EndGlobalSection
EndGlobal
